// !$*UTF8*$!
{
	archiveVersion = 1;
	classes = {
	};
	objectVersion = 50;
	objects = {

/* Begin PBXBuildFile section */
		1205FADF25996CD300809238 /* SwMainView.swift in Sources */ = {isa = PBXBuildFile; fileRef = 1205FADE25996CD300809238 /* SwMainView.swift */; };
		1205FAE225996CFB00809238 /* TmMainView.swift in Sources */ = {isa = PBXBuildFile; fileRef = 1205FAE125996CFB00809238 /* TmMainView.swift */; };
		12259C4725818FB10052F1A2 /* ProgressBar.swift in Sources */ = {isa = PBXBuildFile; fileRef = 12259C4625818FB10052F1A2 /* ProgressBar.swift */; };
		126A84042579289C009092F3 /* AppDelegate.swift in Sources */ = {isa = PBXBuildFile; fileRef = 126A84032579289C009092F3 /* AppDelegate.swift */; };
		126A84062579289C009092F3 /* SceneDelegate.swift in Sources */ = {isa = PBXBuildFile; fileRef = 126A84052579289C009092F3 /* SceneDelegate.swift */; };
		126A840A2579289E009092F3 /* Assets.xcassets in Resources */ = {isa = PBXBuildFile; fileRef = 126A84092579289E009092F3 /* Assets.xcassets */; };
		126A840D2579289E009092F3 /* Preview Assets.xcassets in Resources */ = {isa = PBXBuildFile; fileRef = 126A840C2579289E009092F3 /* Preview Assets.xcassets */; };
		126A84102579289E009092F3 /* LaunchScreen.storyboard in Resources */ = {isa = PBXBuildFile; fileRef = 126A840E2579289E009092F3 /* LaunchScreen.storyboard */; };
		126A841F257C77D3009092F3 /* Data.swift in Sources */ = {isa = PBXBuildFile; fileRef = 126A841E257C77D3009092F3 /* Data.swift */; };
		126A8422257C7F29009092F3 /* PickerView.swift in Sources */ = {isa = PBXBuildFile; fileRef = 126A8421257C7F29009092F3 /* PickerView.swift */; };
		126A8428257D15AC009092F3 /* TimerView.swift in Sources */ = {isa = PBXBuildFile; fileRef = 126A8427257D15AC009092F3 /* TimerView.swift */; };
		126A842B257D1DA6009092F3 /* MainView.swift in Sources */ = {isa = PBXBuildFile; fileRef = 126A842A257D1DA6009092F3 /* MainView.swift */; };
		1285C91B2596C82800F0743B /* StopWatchView.swift in Sources */ = {isa = PBXBuildFile; fileRef = 1285C91A2596C82800F0743B /* StopWatchView.swift */; };
		129DC5CA259B144E006493B6 /* SwButtonsView.swift in Sources */ = {isa = PBXBuildFile; fileRef = 129DC5C9259B144E006493B6 /* SwButtonsView.swift */; };
		129DC5CE259B3239006493B6 /* TabBar.swift in Sources */ = {isa = PBXBuildFile; fileRef = 129DC5CD259B3239006493B6 /* TabBar.swift */; };
		129DC5D2259C2075006493B6 /* ResultView.swift in Sources */ = {isa = PBXBuildFile; fileRef = 129DC5D1259C2075006493B6 /* ResultView.swift */; };
		129DC5D5259C2DFB006493B6 /* GuydeView.swift in Sources */ = {isa = PBXBuildFile; fileRef = 129DC5D4259C2DFB006493B6 /* GuydeView.swift */; };
		129DC5D9259CC61B006493B6 /* UseGuydeView.swift in Sources */ = {isa = PBXBuildFile; fileRef = 129DC5D8259CC61B006493B6 /* UseGuydeView.swift */; };
		129DC5DC259CC7E4006493B6 /* ColumnView.swift in Sources */ = {isa = PBXBuildFile; fileRef = 129DC5DB259CC7E4006493B6 /* ColumnView.swift */; };
		129DC5E625AA03B8006493B6 /* EasyUseGuydeView.swift in Sources */ = {isa = PBXBuildFile; fileRef = 129DC5E525AA03B8006493B6 /* EasyUseGuydeView.swift */; };
		129DC5EB25AA1D07006493B6 /* TimeManager.swift in Sources */ = {isa = PBXBuildFile; fileRef = 129DC5E925AA1D07006493B6 /* TimeManager.swift */; };
		129DC5F825B5D7DF006493B6 /* Myprofile.swift in Sources */ = {isa = PBXBuildFile; fileRef = 129DC5F725B5D7DE006493B6 /* Myprofile.swift */; };
		12CD4813257D939800D3C744 /* ButtonsView.swift in Sources */ = {isa = PBXBuildFile; fileRef = 12CD4812257D939800D3C744 /* ButtonsView.swift */; };
		12CD4816257FB79300D3C744 /* SettingView.swift in Sources */ = {isa = PBXBuildFile; fileRef = 12CD4815257FB79300D3C744 /* SettingView.swift */; };
		12CD48192580451200D3C744 /* ResultButtonView.swift in Sources */ = {isa = PBXBuildFile; fileRef = 12CD48182580451200D3C744 /* ResultButtonView.swift */; };
		12CD481C2581086100D3C744 /* SoundListView.swift in Sources */ = {isa = PBXBuildFile; fileRef = 12CD481B2581086100D3C744 /* SoundListView.swift */; };
/* End PBXBuildFile section */

/* Begin PBXFileReference section */
		1205FADE25996CD300809238 /* SwMainView.swift */ = {isa = PBXFileReference; lastKnownFileType = sourcecode.swift; path = SwMainView.swift; sourceTree = "<group>"; };
		1205FAE125996CFB00809238 /* TmMainView.swift */ = {isa = PBXFileReference; lastKnownFileType = sourcecode.swift; path = TmMainView.swift; sourceTree = "<group>"; };
		12259C4625818FB10052F1A2 /* ProgressBar.swift */ = {isa = PBXFileReference; lastKnownFileType = sourcecode.swift; path = ProgressBar.swift; sourceTree = "<group>"; };
		126A84002579289C009092F3 /* StudyBreakManagement.app */ = {isa = PBXFileReference; explicitFileType = wrapper.application; includeInIndex = 0; path = StudyBreakManagement.app; sourceTree = BUILT_PRODUCTS_DIR; };
		126A84032579289C009092F3 /* AppDelegate.swift */ = {isa = PBXFileReference; lastKnownFileType = sourcecode.swift; path = AppDelegate.swift; sourceTree = "<group>"; };
		126A84052579289C009092F3 /* SceneDelegate.swift */ = {isa = PBXFileReference; lastKnownFileType = sourcecode.swift; path = SceneDelegate.swift; sourceTree = "<group>"; };
		126A84092579289E009092F3 /* Assets.xcassets */ = {isa = PBXFileReference; lastKnownFileType = folder.assetcatalog; path = Assets.xcassets; sourceTree = "<group>"; };
		126A840C2579289E009092F3 /* Preview Assets.xcassets */ = {isa = PBXFileReference; lastKnownFileType = folder.assetcatalog; path = "Preview Assets.xcassets"; sourceTree = "<group>"; };
		126A840F2579289E009092F3 /* Base */ = {isa = PBXFileReference; lastKnownFileType = file.storyboard; name = Base; path = Base.lproj/LaunchScreen.storyboard; sourceTree = "<group>"; };
		126A84112579289E009092F3 /* Info.plist */ = {isa = PBXFileReference; lastKnownFileType = text.plist.xml; path = Info.plist; sourceTree = "<group>"; };
		126A841E257C77D3009092F3 /* Data.swift */ = {isa = PBXFileReference; lastKnownFileType = sourcecode.swift; path = Data.swift; sourceTree = "<group>"; };
		126A8421257C7F29009092F3 /* PickerView.swift */ = {isa = PBXFileReference; lastKnownFileType = sourcecode.swift; path = PickerView.swift; sourceTree = "<group>"; };
		126A8427257D15AC009092F3 /* TimerView.swift */ = {isa = PBXFileReference; lastKnownFileType = sourcecode.swift; path = TimerView.swift; sourceTree = "<group>"; };
		126A842A257D1DA6009092F3 /* MainView.swift */ = {isa = PBXFileReference; lastKnownFileType = sourcecode.swift; path = MainView.swift; sourceTree = "<group>"; };
		1285C91A2596C82800F0743B /* StopWatchView.swift */ = {isa = PBXFileReference; lastKnownFileType = sourcecode.swift; path = StopWatchView.swift; sourceTree = "<group>"; };
		129DC5C9259B144E006493B6 /* SwButtonsView.swift */ = {isa = PBXFileReference; lastKnownFileType = sourcecode.swift; path = SwButtonsView.swift; sourceTree = "<group>"; };
		129DC5CD259B3239006493B6 /* TabBar.swift */ = {isa = PBXFileReference; lastKnownFileType = sourcecode.swift; path = TabBar.swift; sourceTree = "<group>"; };
		129DC5D1259C2075006493B6 /* ResultView.swift */ = {isa = PBXFileReference; lastKnownFileType = sourcecode.swift; path = ResultView.swift; sourceTree = "<group>"; };
		129DC5D4259C2DFB006493B6 /* GuydeView.swift */ = {isa = PBXFileReference; lastKnownFileType = sourcecode.swift; path = GuydeView.swift; sourceTree = "<group>"; };
		129DC5D8259CC61B006493B6 /* UseGuydeView.swift */ = {isa = PBXFileReference; lastKnownFileType = sourcecode.swift; path = UseGuydeView.swift; sourceTree = "<group>"; };
		129DC5DB259CC7E4006493B6 /* ColumnView.swift */ = {isa = PBXFileReference; lastKnownFileType = sourcecode.swift; path = ColumnView.swift; sourceTree = "<group>"; };
		129DC5E525AA03B8006493B6 /* EasyUseGuydeView.swift */ = {isa = PBXFileReference; lastKnownFileType = sourcecode.swift; path = EasyUseGuydeView.swift; sourceTree = "<group>"; };
		129DC5E925AA1D07006493B6 /* TimeManager.swift */ = {isa = PBXFileReference; fileEncoding = 4; lastKnownFileType = sourcecode.swift; name = TimeManager.swift; path = ../../StudyBreakManagement_20210109/StudyBreakManagement/TimeManager.swift; sourceTree = "<group>"; };
		129DC5F725B5D7DE006493B6 /* Myprofile.swift */ = {isa = PBXFileReference; lastKnownFileType = sourcecode.swift; path = Myprofile.swift; sourceTree = "<group>"; };
		12CD4812257D939800D3C744 /* ButtonsView.swift */ = {isa = PBXFileReference; lastKnownFileType = sourcecode.swift; path = ButtonsView.swift; sourceTree = "<group>"; };
		12CD4815257FB79300D3C744 /* SettingView.swift */ = {isa = PBXFileReference; lastKnownFileType = sourcecode.swift; path = SettingView.swift; sourceTree = "<group>"; };
		12CD48182580451200D3C744 /* ResultButtonView.swift */ = {isa = PBXFileReference; lastKnownFileType = sourcecode.swift; path = ResultButtonView.swift; sourceTree = "<group>"; };
		12CD481B2581086100D3C744 /* SoundListView.swift */ = {isa = PBXFileReference; lastKnownFileType = sourcecode.swift; path = SoundListView.swift; sourceTree = "<group>"; };
/* End PBXFileReference section */

/* Begin PBXFrameworksBuildPhase section */
		126A83FD2579289C009092F3 /* Frameworks */ = {
			isa = PBXFrameworksBuildPhase;
			buildActionMask = 2147483647;
			files = (
			);
			runOnlyForDeploymentPostprocessing = 0;
		};
/* End PBXFrameworksBuildPhase section */

/* Begin PBXGroup section */
		126A83F72579289C009092F3 = {
			isa = PBXGroup;
			children = (
				126A84022579289C009092F3 /* StudyBreakManagement */,
				126A84012579289C009092F3 /* Products */,
			);
			sourceTree = "<group>";
		};
		126A84012579289C009092F3 /* Products */ = {
			isa = PBXGroup;
			children = (
				126A84002579289C009092F3 /* StudyBreakManagement.app */,
			);
			name = Products;
			sourceTree = "<group>";
		};
		126A84022579289C009092F3 /* StudyBreakManagement */ = {
			isa = PBXGroup;
			children = (
				126A84032579289C009092F3 /* AppDelegate.swift */,
				126A84052579289C009092F3 /* SceneDelegate.swift */,
				126A842A257D1DA6009092F3 /* MainView.swift */,
				1205FADE25996CD300809238 /* SwMainView.swift */,
				1205FAE125996CFB00809238 /* TmMainView.swift */,
				129DC5E925AA1D07006493B6 /* TimeManager.swift */,
				126A8427257D15AC009092F3 /* TimerView.swift */,
				1285C91A2596C82800F0743B /* StopWatchView.swift */,
				12CD4812257D939800D3C744 /* ButtonsView.swift */,
				129DC5C9259B144E006493B6 /* SwButtonsView.swift */,
				126A841E257C77D3009092F3 /* Data.swift */,
				12259C4625818FB10052F1A2 /* ProgressBar.swift */,
				129DC5D1259C2075006493B6 /* ResultView.swift */,
				12CD48182580451200D3C744 /* ResultButtonView.swift */,
				12CD4815257FB79300D3C744 /* SettingView.swift */,
				129DC5D4259C2DFB006493B6 /* GuydeView.swift */,
				129DC5E525AA03B8006493B6 /* EasyUseGuydeView.swift */,
				129DC5D8259CC61B006493B6 /* UseGuydeView.swift */,
				129DC5DB259CC7E4006493B6 /* ColumnView.swift */,
				129DC5F725B5D7DE006493B6 /* Myprofile.swift */,
				126A8421257C7F29009092F3 /* PickerView.swift */,
				12CD481B2581086100D3C744 /* SoundListView.swift */,
				129DC5CD259B3239006493B6 /* TabBar.swift */,
				126A84092579289E009092F3 /* Assets.xcassets */,
				126A840E2579289E009092F3 /* LaunchScreen.storyboard */,
				126A84112579289E009092F3 /* Info.plist */,
				126A840B2579289E009092F3 /* Preview Content */,
			);
			path = StudyBreakManagement;
			sourceTree = "<group>";
		};
		126A840B2579289E009092F3 /* Preview Content */ = {
			isa = PBXGroup;
			children = (
				126A840C2579289E009092F3 /* Preview Assets.xcassets */,
			);
			path = "Preview Content";
			sourceTree = "<group>";
		};
/* End PBXGroup section */

/* Begin PBXNativeTarget section */
		126A83FF2579289C009092F3 /* StudyBreakManagement */ = {
			isa = PBXNativeTarget;
			buildConfigurationList = 126A84142579289E009092F3 /* Build configuration list for PBXNativeTarget "StudyBreakManagement" */;
			buildPhases = (
				126A83FC2579289C009092F3 /* Sources */,
				126A83FD2579289C009092F3 /* Frameworks */,
				126A83FE2579289C009092F3 /* Resources */,
			);
			buildRules = (
			);
			dependencies = (
			);
			name = StudyBreakManagement;
			productName = StudyBreakManagement;
			productReference = 126A84002579289C009092F3 /* StudyBreakManagement.app */;
			productType = "com.apple.product-type.application";
		};
/* End PBXNativeTarget section */

/* Begin PBXProject section */
		126A83F82579289C009092F3 /* Project object */ = {
			isa = PBXProject;
			attributes = {
				LastSwiftUpdateCheck = 1220;
				LastUpgradeCheck = 1220;
				TargetAttributes = {
					126A83FF2579289C009092F3 = {
						CreatedOnToolsVersion = 12.2;
					};
				};
			};
			buildConfigurationList = 126A83FB2579289C009092F3 /* Build configuration list for PBXProject "StudyBreakManagement" */;
			compatibilityVersion = "Xcode 9.3";
			developmentRegion = en;
			hasScannedForEncodings = 0;
			knownRegions = (
				en,
				Base,
			);
			mainGroup = 126A83F72579289C009092F3;
			productRefGroup = 126A84012579289C009092F3 /* Products */;
			projectDirPath = "";
			projectRoot = "";
			targets = (
				126A83FF2579289C009092F3 /* StudyBreakManagement */,
			);
		};
/* End PBXProject section */

/* Begin PBXResourcesBuildPhase section */
		126A83FE2579289C009092F3 /* Resources */ = {
			isa = PBXResourcesBuildPhase;
			buildActionMask = 2147483647;
			files = (
				126A84102579289E009092F3 /* LaunchScreen.storyboard in Resources */,
				126A840D2579289E009092F3 /* Preview Assets.xcassets in Resources */,
				126A840A2579289E009092F3 /* Assets.xcassets in Resources */,
			);
			runOnlyForDeploymentPostprocessing = 0;
		};
/* End PBXResourcesBuildPhase section */

/* Begin PBXSourcesBuildPhase section */
		126A83FC2579289C009092F3 /* Sources */ = {
			isa = PBXSourcesBuildPhase;
			buildActionMask = 2147483647;
			files = (
				126A84042579289C009092F3 /* AppDelegate.swift in Sources */,
				126A842B257D1DA6009092F3 /* MainView.swift in Sources */,
				129DC5CE259B3239006493B6 /* TabBar.swift in Sources */,
				12CD481C2581086100D3C744 /* SoundListView.swift in Sources */,
				126A841F257C77D3009092F3 /* Data.swift in Sources */,
				129DC5F825B5D7DF006493B6 /* Myprofile.swift in Sources */,
				129DC5CA259B144E006493B6 /* SwButtonsView.swift in Sources */,
				129DC5E625AA03B8006493B6 /* EasyUseGuydeView.swift in Sources */,
				129DC5D9259CC61B006493B6 /* UseGuydeView.swift in Sources */,
				1205FAE225996CFB00809238 /* TmMainView.swift in Sources */,
				1205FADF25996CD300809238 /* SwMainView.swift in Sources */,
				1285C91B2596C82800F0743B /* StopWatchView.swift in Sources */,
				12259C4725818FB10052F1A2 /* ProgressBar.swift in Sources */,
				129DC5EB25AA1D07006493B6 /* TimeManager.swift in Sources */,
				126A84062579289C009092F3 /* SceneDelegate.swift in Sources */,
				12CD4813257D939800D3C744 /* ButtonsView.swift in Sources */,
				126A8422257C7F29009092F3 /* PickerView.swift in Sources */,
				129DC5DC259CC7E4006493B6 /* ColumnView.swift in Sources */,
				126A8428257D15AC009092F3 /* TimerView.swift in Sources */,
				129DC5D5259C2DFB006493B6 /* GuydeView.swift in Sources */,
				129DC5D2259C2075006493B6 /* ResultView.swift in Sources */,
				12CD4816257FB79300D3C744 /* SettingView.swift in Sources */,
				12CD48192580451200D3C744 /* ResultButtonView.swift in Sources */,
			);
			runOnlyForDeploymentPostprocessing = 0;
		};
/* End PBXSourcesBuildPhase section */

/* Begin PBXVariantGroup section */
		126A840E2579289E009092F3 /* LaunchScreen.storyboard */ = {
			isa = PBXVariantGroup;
			children = (
				126A840F2579289E009092F3 /* Base */,
			);
			name = LaunchScreen.storyboard;
			sourceTree = "<group>";
		};
/* End PBXVariantGroup section */

/* Begin XCBuildConfiguration section */
		126A84122579289E009092F3 /* Debug */ = {
			isa = XCBuildConfiguration;
			buildSettings = {
				ALWAYS_SEARCH_USER_PATHS = NO;
				CLANG_ANALYZER_NONNULL = YES;
				CLANG_ANALYZER_NUMBER_OBJECT_CONVERSION = YES_AGGRESSIVE;
				CLANG_CXX_LANGUAGE_STANDARD = "gnu++14";
				CLANG_CXX_LIBRARY = "libc++";
				CLANG_ENABLE_MODULES = YES;
				CLANG_ENABLE_OBJC_ARC = YES;
				CLANG_ENABLE_OBJC_WEAK = YES;
				CLANG_WARN_BLOCK_CAPTURE_AUTORELEASING = YES;
				CLANG_WARN_BOOL_CONVERSION = YES;
				CLANG_WARN_COMMA = YES;
				CLANG_WARN_CONSTANT_CONVERSION = YES;
				CLANG_WARN_DEPRECATED_OBJC_IMPLEMENTATIONS = YES;
				CLANG_WARN_DIRECT_OBJC_ISA_USAGE = YES_ERROR;
				CLANG_WARN_DOCUMENTATION_COMMENTS = YES;
				CLANG_WARN_EMPTY_BODY = YES;
				CLANG_WARN_ENUM_CONVERSION = YES;
				CLANG_WARN_INFINITE_RECURSION = YES;
				CLANG_WARN_INT_CONVERSION = YES;
				CLANG_WARN_NON_LITERAL_NULL_CONVERSION = YES;
				CLANG_WARN_OBJC_IMPLICIT_RETAIN_SELF = YES;
				CLANG_WARN_OBJC_LITERAL_CONVERSION = YES;
				CLANG_WARN_OBJC_ROOT_CLASS = YES_ERROR;
				CLANG_WARN_QUOTED_INCLUDE_IN_FRAMEWORK_HEADER = YES;
				CLANG_WARN_RANGE_LOOP_ANALYSIS = YES;
				CLANG_WARN_STRICT_PROTOTYPES = YES;
				CLANG_WARN_SUSPICIOUS_MOVE = YES;
				CLANG_WARN_UNGUARDED_AVAILABILITY = YES_AGGRESSIVE;
				CLANG_WARN_UNREACHABLE_CODE = YES;
				CLANG_WARN__DUPLICATE_METHOD_MATCH = YES;
				COPY_PHASE_STRIP = NO;
				DEBUG_INFORMATION_FORMAT = dwarf;
				ENABLE_STRICT_OBJC_MSGSEND = YES;
				ENABLE_TESTABILITY = YES;
				GCC_C_LANGUAGE_STANDARD = gnu11;
				GCC_DYNAMIC_NO_PIC = NO;
				GCC_NO_COMMON_BLOCKS = YES;
				GCC_OPTIMIZATION_LEVEL = 0;
				GCC_PREPROCESSOR_DEFINITIONS = (
					"DEBUG=1",
					"$(inherited)",
				);
				GCC_WARN_64_TO_32_BIT_CONVERSION = YES;
				GCC_WARN_ABOUT_RETURN_TYPE = YES_ERROR;
				GCC_WARN_UNDECLARED_SELECTOR = YES;
				GCC_WARN_UNINITIALIZED_AUTOS = YES_AGGRESSIVE;
				GCC_WARN_UNUSED_FUNCTION = YES;
				GCC_WARN_UNUSED_VARIABLE = YES;
				IPHONEOS_DEPLOYMENT_TARGET = 14.2;
				MTL_ENABLE_DEBUG_INFO = INCLUDE_SOURCE;
				MTL_FAST_MATH = YES;
				ONLY_ACTIVE_ARCH = YES;
				SDKROOT = iphoneos;
				SWIFT_ACTIVE_COMPILATION_CONDITIONS = DEBUG;
				SWIFT_OPTIMIZATION_LEVEL = "-Onone";
			};
			name = Debug;
		};
		126A84132579289E009092F3 /* Release */ = {
			isa = XCBuildConfiguration;
			buildSettings = {
				ALWAYS_SEARCH_USER_PATHS = NO;
				CLANG_ANALYZER_NONNULL = YES;
				CLANG_ANALYZER_NUMBER_OBJECT_CONVERSION = YES_AGGRESSIVE;
				CLANG_CXX_LANGUAGE_STANDARD = "gnu++14";
				CLANG_CXX_LIBRARY = "libc++";
				CLANG_ENABLE_MODULES = YES;
				CLANG_ENABLE_OBJC_ARC = YES;
				CLANG_ENABLE_OBJC_WEAK = YES;
				CLANG_WARN_BLOCK_CAPTURE_AUTORELEASING = YES;
				CLANG_WARN_BOOL_CONVERSION = YES;
				CLANG_WARN_COMMA = YES;
				CLANG_WARN_CONSTANT_CONVERSION = YES;
				CLANG_WARN_DEPRECATED_OBJC_IMPLEMENTATIONS = YES;
				CLANG_WARN_DIRECT_OBJC_ISA_USAGE = YES_ERROR;
				CLANG_WARN_DOCUMENTATION_COMMENTS = YES;
				CLANG_WARN_EMPTY_BODY = YES;
				CLANG_WARN_ENUM_CONVERSION = YES;
				CLANG_WARN_INFINITE_RECURSION = YES;
				CLANG_WARN_INT_CONVERSION = YES;
				CLANG_WARN_NON_LITERAL_NULL_CONVERSION = YES;
				CLANG_WARN_OBJC_IMPLICIT_RETAIN_SELF = YES;
				CLANG_WARN_OBJC_LITERAL_CONVERSION = YES;
				CLANG_WARN_OBJC_ROOT_CLASS = YES_ERROR;
				CLANG_WARN_QUOTED_INCLUDE_IN_FRAMEWORK_HEADER = YES;
				CLANG_WARN_RANGE_LOOP_ANALYSIS = YES;
				CLANG_WARN_STRICT_PROTOTYPES = YES;
				CLANG_WARN_SUSPICIOUS_MOVE = YES;
				CLANG_WARN_UNGUARDED_AVAILABILITY = YES_AGGRESSIVE;
				CLANG_WARN_UNREACHABLE_CODE = YES;
				CLANG_WARN__DUPLICATE_METHOD_MATCH = YES;
				COPY_PHASE_STRIP = NO;
				DEBUG_INFORMATION_FORMAT = "dwarf-with-dsym";
				ENABLE_NS_ASSERTIONS = NO;
				ENABLE_STRICT_OBJC_MSGSEND = YES;
				GCC_C_LANGUAGE_STANDARD = gnu11;
				GCC_NO_COMMON_BLOCKS = YES;
				GCC_WARN_64_TO_32_BIT_CONVERSION = YES;
				GCC_WARN_ABOUT_RETURN_TYPE = YES_ERROR;
				GCC_WARN_UNDECLARED_SELECTOR = YES;
				GCC_WARN_UNINITIALIZED_AUTOS = YES_AGGRESSIVE;
				GCC_WARN_UNUSED_FUNCTION = YES;
				GCC_WARN_UNUSED_VARIABLE = YES;
				IPHONEOS_DEPLOYMENT_TARGET = 14.2;
				MTL_ENABLE_DEBUG_INFO = NO;
				MTL_FAST_MATH = YES;
				SDKROOT = iphoneos;
				SWIFT_COMPILATION_MODE = wholemodule;
				SWIFT_OPTIMIZATION_LEVEL = "-O";
				VALIDATE_PRODUCT = YES;
			};
			name = Release;
		};
		126A84152579289E009092F3 /* Debug */ = {
			isa = XCBuildConfiguration;
			buildSettings = {
				ASSETCATALOG_COMPILER_APPICON_NAME = AppIcon;
				ASSETCATALOG_COMPILER_GLOBAL_ACCENT_COLOR_NAME = AccentColor;
				CODE_SIGN_STYLE = Automatic;
				DEVELOPMENT_ASSET_PATHS = "\"StudyBreakManagement/Preview Content\"";
				DEVELOPMENT_TEAM = BD3TX55FX2;
				ENABLE_PREVIEWS = YES;
				INFOPLIST_FILE = StudyBreakManagement/Info.plist;
				LD_RUNPATH_SEARCH_PATHS = (
					"$(inherited)",
					"@executable_path/Frameworks",
				);
				PRODUCT_BUNDLE_IDENTIFIER = com.gmail.sing.poem.lovelove.StudyBreakManagement;
				PRODUCT_NAME = "$(TARGET_NAME)";
				SWIFT_VERSION = 5.0;
				TARGETED_DEVICE_FAMILY = "1,2";
			};
			name = Debug;
		};
		126A84162579289E009092F3 /* Release */ = {
			isa = XCBuildConfiguration;
			buildSettings = {
				ASSETCATALOG_COMPILER_APPICON_NAME = AppIcon;
				ASSETCATALOG_COMPILER_GLOBAL_ACCENT_COLOR_NAME = AccentColor;
				CODE_SIGN_STYLE = Automatic;
				DEVELOPMENT_ASSET_PATHS = "\"StudyBreakManagement/Preview Content\"";
				DEVELOPMENT_TEAM = BD3TX55FX2;
				ENABLE_PREVIEWS = YES;
				INFOPLIST_FILE = StudyBreakManagement/Info.plist;
				LD_RUNPATH_SEARCH_PATHS = (
					"$(inherited)",
					"@executable_path/Frameworks",
				);
				PRODUCT_BUNDLE_IDENTIFIER = com.gmail.sing.poem.lovelove.StudyBreakManagement;
				PRODUCT_NAME = "$(TARGET_NAME)";
				SWIFT_VERSION = 5.0;
				TARGETED_DEVICE_FAMILY = "1,2";
			};
			name = Release;
		};
/* End XCBuildConfiguration section */

/* Begin XCConfigurationList section */
		126A83FB2579289C009092F3 /* Build configuration list for PBXProject "StudyBreakManagement" */ = {
			isa = XCConfigurationList;
			buildConfigurations = (
				126A84122579289E009092F3 /* Debug */,
				126A84132579289E009092F3 /* Release */,
			);
			defaultConfigurationIsVisible = 0;
			defaultConfigurationName = Release;
		};
		126A84142579289E009092F3 /* Build configuration list for PBXNativeTarget "StudyBreakManagement" */ = {
			isa = XCConfigurationList;
			buildConfigurations = (
				126A84152579289E009092F3 /* Debug */,
				126A84162579289E009092F3 /* Release */,
			);
			defaultConfigurationIsVisible = 0;
			defaultConfigurationName = Release;
		};
/* End XCConfigurationList section */
	};
	rootObject = 126A83F82579289C009092F3 /* Project object */;
}
